// !$*UTF8*$!
{
	archiveVersion = 1;
	classes = {
	};
	objectVersion = 50;
	objects = {

/* Begin PBXBuildFile section */
		A655FF842442C28000B927B3 /* AppDelegate.swift in Sources */ = {isa = PBXBuildFile; fileRef = A655FF832442C28000B927B3 /* AppDelegate.swift */; };
		A655FF862442C28000B927B3 /* SceneDelegate.swift in Sources */ = {isa = PBXBuildFile; fileRef = A655FF852442C28000B927B3 /* SceneDelegate.swift */; };
		A655FF892442C28000B927B3 /* EstoqueControl.xcdatamodeld in Sources */ = {isa = PBXBuildFile; fileRef = A655FF872442C28000B927B3 /* EstoqueControl.xcdatamodeld */; };
		A655FF8D2442C28300B927B3 /* Assets.xcassets in Resources */ = {isa = PBXBuildFile; fileRef = A655FF8C2442C28300B927B3 /* Assets.xcassets */; };
		A655FF902442C28300B927B3 /* Preview Assets.xcassets in Resources */ = {isa = PBXBuildFile; fileRef = A655FF8F2442C28300B927B3 /* Preview Assets.xcassets */; };
		A655FF932442C28300B927B3 /* LaunchScreen.storyboard in Resources */ = {isa = PBXBuildFile; fileRef = A655FF912442C28300B927B3 /* LaunchScreen.storyboard */; };
		A6AD095E2442DA540037331A /* TabBar.swift in Sources */ = {isa = PBXBuildFile; fileRef = A6AD095D2442DA540037331A /* TabBar.swift */; };
		A6AD09602442DA5F0037331A /* ContentView.swift in Sources */ = {isa = PBXBuildFile; fileRef = A6AD095F2442DA5F0037331A /* ContentView.swift */; };
		A6BC535E2443774700CF3EEE /* PlaySound.swift in Sources */ = {isa = PBXBuildFile; fileRef = A6BC535D2443774700CF3EEE /* PlaySound.swift */; };
		A6BC5360244377E300CF3EEE /* sound-click.mp3 in Resources */ = {isa = PBXBuildFile; fileRef = A6BC535F244377E300CF3EEE /* sound-click.mp3 */; };
		A6BC536224439CF100CF3EEE /* SettingsView.swift in Sources */ = {isa = PBXBuildFile; fileRef = A6BC536124439CF100CF3EEE /* SettingsView.swift */; };
/* End PBXBuildFile section */

/* Begin PBXFileReference section */
		A655FF802442C28000B927B3 /* EstoqueControl.app */ = {isa = PBXFileReference; explicitFileType = wrapper.application; includeInIndex = 0; path = EstoqueControl.app; sourceTree = BUILT_PRODUCTS_DIR; };
		A655FF832442C28000B927B3 /* AppDelegate.swift */ = {isa = PBXFileReference; lastKnownFileType = sourcecode.swift; path = AppDelegate.swift; sourceTree = "<group>"; };
		A655FF852442C28000B927B3 /* SceneDelegate.swift */ = {isa = PBXFileReference; lastKnownFileType = sourcecode.swift; path = SceneDelegate.swift; sourceTree = "<group>"; };
		A655FF882442C28000B927B3 /* EstoqueControl.xcdatamodel */ = {isa = PBXFileReference; lastKnownFileType = wrapper.xcdatamodel; path = EstoqueControl.xcdatamodel; sourceTree = "<group>"; };
		A655FF8C2442C28300B927B3 /* Assets.xcassets */ = {isa = PBXFileReference; lastKnownFileType = folder.assetcatalog; path = Assets.xcassets; sourceTree = "<group>"; };
		A655FF8F2442C28300B927B3 /* Preview Assets.xcassets */ = {isa = PBXFileReference; lastKnownFileType = folder.assetcatalog; path = "Preview Assets.xcassets"; sourceTree = "<group>"; };
		A655FF922442C28300B927B3 /* Base */ = {isa = PBXFileReference; lastKnownFileType = file.storyboard; name = Base; path = Base.lproj/LaunchScreen.storyboard; sourceTree = "<group>"; };
		A655FF942442C28300B927B3 /* Info.plist */ = {isa = PBXFileReference; lastKnownFileType = text.plist.xml; path = Info.plist; sourceTree = "<group>"; };
		A6AD095D2442DA540037331A /* TabBar.swift */ = {isa = PBXFileReference; fileEncoding = 4; lastKnownFileType = sourcecode.swift; path = TabBar.swift; sourceTree = "<group>"; };
		A6AD095F2442DA5F0037331A /* ContentView.swift */ = {isa = PBXFileReference; fileEncoding = 4; lastKnownFileType = sourcecode.swift; path = ContentView.swift; sourceTree = "<group>"; };
		A6BC535D2443774700CF3EEE /* PlaySound.swift */ = {isa = PBXFileReference; lastKnownFileType = sourcecode.swift; path = PlaySound.swift; sourceTree = "<group>"; };
		A6BC535F244377E300CF3EEE /* sound-click.mp3 */ = {isa = PBXFileReference; lastKnownFileType = audio.mp3; path = "sound-click.mp3"; sourceTree = "<group>"; };
		A6BC536124439CF100CF3EEE /* SettingsView.swift */ = {isa = PBXFileReference; fileEncoding = 4; lastKnownFileType = sourcecode.swift; path = SettingsView.swift; sourceTree = "<group>"; };
/* End PBXFileReference section */

/* Begin PBXFrameworksBuildPhase section */
		A655FF7D2442C28000B927B3 /* Frameworks */ = {
			isa = PBXFrameworksBuildPhase;
			buildActionMask = 2147483647;
			files = (
			);
			runOnlyForDeploymentPostprocessing = 0;
		};
/* End PBXFrameworksBuildPhase section */

/* Begin PBXGroup section */
		A655FF772442C28000B927B3 = {
			isa = PBXGroup;
			children = (
				A655FF822442C28000B927B3 /* EstoqueControl */,
				A655FF812442C28000B927B3 /* Products */,
			);
			sourceTree = "<group>";
		};
		A655FF812442C28000B927B3 /* Products */ = {
			isa = PBXGroup;
			children = (
				A655FF802442C28000B927B3 /* EstoqueControl.app */,
			);
			name = Products;
			sourceTree = "<group>";
		};
		A655FF822442C28000B927B3 /* EstoqueControl */ = {
			isa = PBXGroup;
			children = (
				A655FF832442C28000B927B3 /* AppDelegate.swift */,
				A6AD095F2442DA5F0037331A /* ContentView.swift */,
				A6BC535D2443774700CF3EEE /* PlaySound.swift */,
				A655FF852442C28000B927B3 /* SceneDelegate.swift */,
				A6AD095D2442DA540037331A /* TabBar.swift */,
				A6BC536124439CF100CF3EEE /* SettingsView.swift */,
				A655FF8C2442C28300B927B3 /* Assets.xcassets */,
				A6BC535F244377E300CF3EEE /* sound-click.mp3 */,
				A655FF912442C28300B927B3 /* LaunchScreen.storyboard */,
				A655FF942442C28300B927B3 /* Info.plist */,
				A655FF872442C28000B927B3 /* EstoqueControl.xcdatamodeld */,
				A655FF8E2442C28300B927B3 /* Preview Content */,
			);
			path = EstoqueControl;
			sourceTree = "<group>";
		};
		A655FF8E2442C28300B927B3 /* Preview Content */ = {
			isa = PBXGroup;
			children = (
				A655FF8F2442C28300B927B3 /* Preview Assets.xcassets */,
			);
			path = "Preview Content";
			sourceTree = "<group>";
		};
/* End PBXGroup section */

/* Begin PBXNativeTarget section */
		A655FF7F2442C28000B927B3 /* EstoqueControl */ = {
			isa = PBXNativeTarget;
			buildConfigurationList = A655FF972442C28300B927B3 /* Build configuration list for PBXNativeTarget "EstoqueControl" */;
			buildPhases = (
				A655FF7C2442C28000B927B3 /* Sources */,
				A655FF7D2442C28000B927B3 /* Frameworks */,
				A655FF7E2442C28000B927B3 /* Resources */,
			);
			buildRules = (
			);
			dependencies = (
			);
			name = EstoqueControl;
			productName = EstoqueControl;
			productReference = A655FF802442C28000B927B3 /* EstoqueControl.app */;
			productType = "com.apple.product-type.application";
		};
/* End PBXNativeTarget section */

/* Begin PBXProject section */
		A655FF782442C28000B927B3 /* Project object */ = {
			isa = PBXProject;
			attributes = {
				LastSwiftUpdateCheck = 1140;
				LastUpgradeCheck = 1140;
				ORGANIZATIONNAME = "Yannes Meneguelli";
				TargetAttributes = {
					A655FF7F2442C28000B927B3 = {
						CreatedOnToolsVersion = 11.4;
					};
				};
			};
			buildConfigurationList = A655FF7B2442C28000B927B3 /* Build configuration list for PBXProject "EstoqueControl" */;
			compatibilityVersion = "Xcode 9.3";
			developmentRegion = en;
			hasScannedForEncodings = 0;
			knownRegions = (
				en,
				Base,
			);
			mainGroup = A655FF772442C28000B927B3;
			productRefGroup = A655FF812442C28000B927B3 /* Products */;
			projectDirPath = "";
			projectRoot = "";
			targets = (
				A655FF7F2442C28000B927B3 /* EstoqueControl */,
			);
		};
/* End PBXProject section */

/* Begin PBXResourcesBuildPhase section */
		A655FF7E2442C28000B927B3 /* Resources */ = {
			isa = PBXResourcesBuildPhase;
			buildActionMask = 2147483647;
			files = (
				A655FF932442C28300B927B3 /* LaunchScreen.storyboard in Resources */,
				A6BC5360244377E300CF3EEE /* sound-click.mp3 in Resources */,
				A655FF902442C28300B927B3 /* Preview Assets.xcassets in Resources */,
				A655FF8D2442C28300B927B3 /* Assets.xcassets in Resources */,
			);
			runOnlyForDeploymentPostprocessing = 0;
		};
/* End PBXResourcesBuildPhase section */

/* Begin PBXSourcesBuildPhase section */
		A655FF7C2442C28000B927B3 /* Sources */ = {
			isa = PBXSourcesBuildPhase;
			buildActionMask = 2147483647;
			files = (
				A6BC536224439CF100CF3EEE /* SettingsView.swift in Sources */,
				A655FF842442C28000B927B3 /* AppDelegate.swift in Sources */,
				A6BC535E2443774700CF3EEE /* PlaySound.swift in Sources */,
				A655FF892442C28000B927B3 /* EstoqueControl.xcdatamodeld in Sources */,
				A6AD09602442DA5F0037331A /* ContentView.swift in Sources */,
				A655FF862442C28000B927B3 /* SceneDelegate.swift in Sources */,
				A6AD095E2442DA540037331A /* TabBar.swift in Sources */,
			);
			runOnlyForDeploymentPostprocessing = 0;
		};
/* End PBXSourcesBuildPhase section */

/* Begin PBXVariantGroup section */
		A655FF912442C28300B927B3 /* LaunchScreen.storyboard */ = {
			isa = PBXVariantGroup;
			children = (
				A655FF922442C28300B927B3 /* Base */,
			);
			name = LaunchScreen.storyboard;
			sourceTree = "<group>";
		};
/* End PBXVariantGroup section */

/* Begin XCBuildConfiguration section */
		A655FF952442C28300B927B3 /* Debug */ = {
			isa = XCBuildConfiguration;
			buildSettings = {
				ALWAYS_SEARCH_USER_PATHS = NO;
				CLANG_ANALYZER_NONNULL = YES;
				CLANG_ANALYZER_NUMBER_OBJECT_CONVERSION = YES_AGGRESSIVE;
				CLANG_CXX_LANGUAGE_STANDARD = "gnu++14";
				CLANG_CXX_LIBRARY = "libc++";
				CLANG_ENABLE_MODULES = YES;
				CLANG_ENABLE_OBJC_ARC = YES;
				CLANG_ENABLE_OBJC_WEAK = YES;
				CLANG_WARN_BLOCK_CAPTURE_AUTORELEASING = YES;
				CLANG_WARN_BOOL_CONVERSION = YES;
				CLANG_WARN_COMMA = YES;
				CLANG_WARN_CONSTANT_CONVERSION = YES;
				CLANG_WARN_DEPRECATED_OBJC_IMPLEMENTATIONS = YES;
				CLANG_WARN_DIRECT_OBJC_ISA_USAGE = YES_ERROR;
				CLANG_WARN_DOCUMENTATION_COMMENTS = YES;
				CLANG_WARN_EMPTY_BODY = YES;
				CLANG_WARN_ENUM_CONVERSION = YES;
				CLANG_WARN_INFINITE_RECURSION = YES;
				CLANG_WARN_INT_CONVERSION = YES;
				CLANG_WARN_NON_LITERAL_NULL_CONVERSION = YES;
				CLANG_WARN_OBJC_IMPLICIT_RETAIN_SELF = YES;
				CLANG_WARN_OBJC_LITERAL_CONVERSION = YES;
				CLANG_WARN_OBJC_ROOT_CLASS = YES_ERROR;
				CLANG_WARN_RANGE_LOOP_ANALYSIS = YES;
				CLANG_WARN_STRICT_PROTOTYPES = YES;
				CLANG_WARN_SUSPICIOUS_MOVE = YES;
				CLANG_WARN_UNGUARDED_AVAILABILITY = YES_AGGRESSIVE;
				CLANG_WARN_UNREACHABLE_CODE = YES;
				CLANG_WARN__DUPLICATE_METHOD_MATCH = YES;
				COPY_PHASE_STRIP = NO;
				DEBUG_INFORMATION_FORMAT = dwarf;
				ENABLE_STRICT_OBJC_MSGSEND = YES;
				ENABLE_TESTABILITY = YES;
				GCC_C_LANGUAGE_STANDARD = gnu11;
				GCC_DYNAMIC_NO_PIC = NO;
				GCC_NO_COMMON_BLOCKS = YES;
				GCC_OPTIMIZATION_LEVEL = 0;
				GCC_PREPROCESSOR_DEFINITIONS = (
					"DEBUG=1",
					"$(inherited)",
				);
				GCC_WARN_64_TO_32_BIT_CONVERSION = YES;
				GCC_WARN_ABOUT_RETURN_TYPE = YES_ERROR;
				GCC_WARN_UNDECLARED_SELECTOR = YES;
				GCC_WARN_UNINITIALIZED_AUTOS = YES_AGGRESSIVE;
				GCC_WARN_UNUSED_FUNCTION = YES;
				GCC_WARN_UNUSED_VARIABLE = YES;
				IPHONEOS_DEPLOYMENT_TARGET = 13.4;
				MTL_ENABLE_DEBUG_INFO = INCLUDE_SOURCE;
				MTL_FAST_MATH = YES;
				ONLY_ACTIVE_ARCH = YES;
				SDKROOT = iphoneos;
				SWIFT_ACTIVE_COMPILATION_CONDITIONS = DEBUG;
				SWIFT_OPTIMIZATION_LEVEL = "-Onone";
			};
			name = Debug;
		};
		A655FF962442C28300B927B3 /* Release */ = {
			isa = XCBuildConfiguration;
			buildSettings = {
				ALWAYS_SEARCH_USER_PATHS = NO;
				CLANG_ANALYZER_NONNULL = YES;
				CLANG_ANALYZER_NUMBER_OBJECT_CONVERSION = YES_AGGRESSIVE;
				CLANG_CXX_LANGUAGE_STANDARD = "gnu++14";
				CLANG_CXX_LIBRARY = "libc++";
				CLANG_ENABLE_MODULES = YES;
				CLANG_ENABLE_OBJC_ARC = YES;
				CLANG_ENABLE_OBJC_WEAK = YES;
				CLANG_WARN_BLOCK_CAPTURE_AUTORELEASING = YES;
				CLANG_WARN_BOOL_CONVERSION = YES;
				CLANG_WARN_COMMA = YES;
				CLANG_WARN_CONSTANT_CONVERSION = YES;
				CLANG_WARN_DEPRECATED_OBJC_IMPLEMENTATIONS = YES;
				CLANG_WARN_DIRECT_OBJC_ISA_USAGE = YES_ERROR;
				CLANG_WARN_DOCUMENTATION_COMMENTS = YES;
				CLANG_WARN_EMPTY_BODY = YES;
				CLANG_WARN_ENUM_CONVERSION = YES;
				CLANG_WARN_INFINITE_RECURSION = YES;
				CLANG_WARN_INT_CONVERSION = YES;
				CLANG_WARN_NON_LITERAL_NULL_CONVERSION = YES;
				CLANG_WARN_OBJC_IMPLICIT_RETAIN_SELF = YES;
				CLANG_WARN_OBJC_LITERAL_CONVERSION = YES;
				CLANG_WARN_OBJC_ROOT_CLASS = YES_ERROR;
				CLANG_WARN_RANGE_LOOP_ANALYSIS = YES;
				CLANG_WARN_STRICT_PROTOTYPES = YES;
				CLANG_WARN_SUSPICIOUS_MOVE = YES;
				CLANG_WARN_UNGUARDED_AVAILABILITY = YES_AGGRESSIVE;
				CLANG_WARN_UNREACHABLE_CODE = YES;
				CLANG_WARN__DUPLICATE_METHOD_MATCH = YES;
				COPY_PHASE_STRIP = NO;
				DEBUG_INFORMATION_FORMAT = "dwarf-with-dsym";
				ENABLE_NS_ASSERTIONS = NO;
				ENABLE_STRICT_OBJC_MSGSEND = YES;
				GCC_C_LANGUAGE_STANDARD = gnu11;
				GCC_NO_COMMON_BLOCKS = YES;
				GCC_WARN_64_TO_32_BIT_CONVERSION = YES;
				GCC_WARN_ABOUT_RETURN_TYPE = YES_ERROR;
				GCC_WARN_UNDECLARED_SELECTOR = YES;
				GCC_WARN_UNINITIALIZED_AUTOS = YES_AGGRESSIVE;
				GCC_WARN_UNUSED_FUNCTION = YES;
				GCC_WARN_UNUSED_VARIABLE = YES;
				IPHONEOS_DEPLOYMENT_TARGET = 13.4;
				MTL_ENABLE_DEBUG_INFO = NO;
				MTL_FAST_MATH = YES;
				SDKROOT = iphoneos;
				SWIFT_COMPILATION_MODE = wholemodule;
				SWIFT_OPTIMIZATION_LEVEL = "-O";
				VALIDATE_PRODUCT = YES;
			};
			name = Release;
		};
		A655FF982442C28300B927B3 /* Debug */ = {
			isa = XCBuildConfiguration;
			buildSettings = {
				ASSETCATALOG_COMPILER_APPICON_NAME = AppIcon;
				CODE_SIGN_STYLE = Automatic;
				DEVELOPMENT_ASSET_PATHS = "\"EstoqueControl/Preview Content\"";
				DEVELOPMENT_TEAM = 9P8XGQ8AX9;
				ENABLE_PREVIEWS = YES;
				INFOPLIST_FILE = EstoqueControl/Info.plist;
				LD_RUNPATH_SEARCH_PATHS = (
					"$(inherited)",
					"@executable_path/Frameworks",
				);
				PRODUCT_BUNDLE_IDENTIFIER = "io-ytm-.EstoqueControl";
				PRODUCT_NAME = "$(TARGET_NAME)";
				SWIFT_VERSION = 5.0;
				TARGETED_DEVICE_FAMILY = "1,2";
			};
			name = Debug;
		};
		A655FF992442C28300B927B3 /* Release */ = {
			isa = XCBuildConfiguration;
			buildSettings = {
				ASSETCATALOG_COMPILER_APPICON_NAME = AppIcon;
				CODE_SIGN_STYLE = Automatic;
				DEVELOPMENT_ASSET_PATHS = "\"EstoqueControl/Preview Content\"";
				DEVELOPMENT_TEAM = 9P8XGQ8AX9;
				ENABLE_PREVIEWS = YES;
				INFOPLIST_FILE = EstoqueControl/Info.plist;
				LD_RUNPATH_SEARCH_PATHS = (
					"$(inherited)",
					"@executable_path/Frameworks",
				);
				PRODUCT_BUNDLE_IDENTIFIER = "io-ytm-.EstoqueControl";
				PRODUCT_NAME = "$(TARGET_NAME)";
				SWIFT_VERSION = 5.0;
				TARGETED_DEVICE_FAMILY = "1,2";
			};
			name = Release;
		};
/* End XCBuildConfiguration section */

/* Begin XCConfigurationList section */
		A655FF7B2442C28000B927B3 /* Build configuration list for PBXProject "EstoqueControl" */ = {
			isa = XCConfigurationList;
			buildConfigurations = (
				A655FF952442C28300B927B3 /* Debug */,
				A655FF962442C28300B927B3 /* Release */,
			);
			defaultConfigurationIsVisible = 0;
			defaultConfigurationName = Release;
		};
		A655FF972442C28300B927B3 /* Build configuration list for PBXNativeTarget "EstoqueControl" */ = {
			isa = XCConfigurationList;
			buildConfigurations = (
				A655FF982442C28300B927B3 /* Debug */,
				A655FF992442C28300B927B3 /* Release */,
			);
			defaultConfigurationIsVisible = 0;
			defaultConfigurationName = Release;
		};
/* End XCConfigurationList section */

/* Begin XCVersionGroup section */
		A655FF872442C28000B927B3 /* EstoqueControl.xcdatamodeld */ = {
			isa = XCVersionGroup;
			children = (
				A655FF882442C28000B927B3 /* EstoqueControl.xcdatamodel */,
			);
			currentVersion = A655FF882442C28000B927B3 /* EstoqueControl.xcdatamodel */;
			path = EstoqueControl.xcdatamodeld;
			sourceTree = "<group>";
			versionGroupType = wrapper.xcdatamodel;
		};
/* End XCVersionGroup section */
	};
	rootObject = A655FF782442C28000B927B3 /* Project object */;
}
